
Microsoft Visual Studio Solution File, Format Version 12.00
# Visual Studio Version 16
VisualStudioVersion = 16.0.28729.10
MinimumVisualStudioVersion = 10.0.40219.1
Project("{2150E333-8FDC-42A3-9474-1A3956D46DE8}") = "src", "src", "{EEB2B7DC-B5C2-4CEA-A3B1-72037834404A}"
EndProject
Project("{2150E333-8FDC-42A3-9474-1A3956D46DE8}") = "test", "test", "{C196EFFB-6BAE-444F-9A60-79F8968CB914}"
EndProject
Project("{2150E333-8FDC-42A3-9474-1A3956D46DE8}") = "Framework", "Framework", "{A0F884D4-FE1B-4C33-B9FD-549C22E12BA5}"
EndProject
Project("{2150E333-8FDC-42A3-9474-1A3956D46DE8}") = "Infrastructure", "Infrastructure", "{B2E7223B-AD17-4559-8BD7-1139038A30C1}"
EndProject
Project("{2150E333-8FDC-42A3-9474-1A3956D46DE8}") = "System", "System", "{45AA2393-760B-47F3-B7D5-FAD44FA51F26}"
EndProject
Project("{9A19103F-16F7-4668-BE54-9A1E7A4F7556}") = "Borg.Infrastructure.Core", "src\Infrastructure\Borg.Infrastructure.Core\Borg.Infrastructure.Core.csproj", "{6C6953DB-DF8F-4748-8FC3-4CCD43BAA16B}"
EndProject
Project("{9A19103F-16F7-4668-BE54-9A1E7A4F7556}") = "Test.Borg.Infrastructure.Core", "test\Test.Borg.Infrastructure.Core\Test.Borg.Infrastructure.Core.csproj", "{B2720DAC-E79F-47DD-A9C0-C31E1E64E004}"
EndProject
Project("{9A19103F-16F7-4668-BE54-9A1E7A4F7556}") = "Borg.Framework.MVC", "src\Framework\Borg.Framework.MVC\Borg.Framework.MVC.csproj", "{30B6746B-2CA9-44A2-9A65-9768CF3D2549}"
EndProject
Project("{9A19103F-16F7-4668-BE54-9A1E7A4F7556}") = "Test.Borg.Framework.MVC", "test\Test.Borg.Framework.MVC\Test.Borg.Framework.MVC.csproj", "{AE89CD20-B80C-433A-8D65-80852C621039}"
EndProject
Project("{2150E333-8FDC-42A3-9474-1A3956D46DE8}") = "Clients", "Clients", "{8CAD543D-104F-4658-9CE7-E4D489A8004B}"
EndProject
Project("{9A19103F-16F7-4668-BE54-9A1E7A4F7556}") = "Borg.Web.Client", "src\Clients\Borg.Web.Client\Borg.Web.Client.csproj", "{0CFB6538-5327-43CF-9A25-D93160C1B5F3}"
EndProject
Project("{9A19103F-16F7-4668-BE54-9A1E7A4F7556}") = "Borg.System.Backoffice", "src\System\Borg.System.Backoffice\Borg.System.Backoffice.csproj", "{CFE89AD1-64C8-4B28-8511-5193EC2660C1}"
EndProject
Project("{9A19103F-16F7-4668-BE54-9A1E7A4F7556}") = "Borg.System.Licencing", "src\System\Borg.System.Licencing\Borg.System.Licencing.csproj", "{64B41F97-FBBD-40DB-90D2-76D3B743B9A8}"
EndProject
Project("{9A19103F-16F7-4668-BE54-9A1E7A4F7556}") = "Borg.System.Backoffice.Security", "src\System\Borg.System.Backoffice.Security\Borg.System.Backoffice.Security.csproj", "{E255144C-2910-42D9-8BF4-825B0C150470}"
EndProject
Project("{9A19103F-16F7-4668-BE54-9A1E7A4F7556}") = "Borg.Framework.Reflection", "src\Framework\Borg.Framework.Reflection\Borg.Framework.Reflection.csproj", "{E33B8DF3-D412-4BC2-8644-F61CB76001D5}"
EndProject
Project("{9A19103F-16F7-4668-BE54-9A1E7A4F7556}") = "Borg.Framework", "src\Framework\Borg.Framework\Borg.Framework.csproj", "{D2A59E6E-4EEA-44F2-8C79-F4F9142CB986}"
EndProject
Project("{9A19103F-16F7-4668-BE54-9A1E7A4F7556}") = "Borg.Framework.EF", "src\Framework\Borg.Framework.EF\Borg.Framework.EF.csproj", "{3B558E12-51F5-4629-A396-825B5FE9266B}"
EndProject
Project("{9A19103F-16F7-4668-BE54-9A1E7A4F7556}") = "Borg.Framework.Azure", "src\Framework\Borg.Framework.Azure\Borg.Framework.Azure.csproj", "{D90E83F4-6FA0-4CB2-9B3F-B239BE2E11EC}"
EndProject
Project("{9A19103F-16F7-4668-BE54-9A1E7A4F7556}") = "Borg.System.AddOn", "src\System\Borg.System.AddOn\Borg.System.AddOn.csproj", "{3C39BFDD-CB73-4151-92A9-9B1FD695FC1E}"
EndProject
Project("{9A19103F-16F7-4668-BE54-9A1E7A4F7556}") = "Borg.System.Backoffice.Lib", "src\System\Borg.System.Backoffice.Lib\Borg.System.Backoffice.Lib.csproj", "{D711A91B-8E58-4168-A7D6-FBC679EA77C5}"
EndProject
Project("{2150E333-8FDC-42A3-9474-1A3956D46DE8}") = "Platform", "Platform", "{AC4B273F-94EA-490A-B574-4D560134FF73}"
EndProject
Project("{9A19103F-16F7-4668-BE54-9A1E7A4F7556}") = "Borg.Platform.Backoffice.Security.EF", "src\Platform\Borg.Platform.Backoffice.Security.EF\Borg.Platform.Backoffice.Security.EF.csproj", "{B76A5CBB-6CF2-4D7A-97E1-D98056841096}"
EndProject
Project("{2150E333-8FDC-42A3-9474-1A3956D46DE8}") = "Actors", "Actors", "{C1081FF5-EC4C-4466-8FF0-0BBDF14210D8}"
EndProject
Project("{9A19103F-16F7-4668-BE54-9A1E7A4F7556}") = "Borg.Framwork.Actors.Silos", "src\Framework\Borg.Framwork.Actors.Silos\Borg.Framwork.Actors.Silos.csproj", "{67C1831F-8C31-4C70-ABE4-DDD20D8C90ED}"
EndProject
Project("{9A19103F-16F7-4668-BE54-9A1E7A4F7556}") = "Borg.Framework.Actors.Grains", "src\Framework\Borg.Framework.Actors.Grains\Borg.Framework.Actors.Grains.csproj", "{61DCA1B9-B83A-4414-9E1E-778BF59490C3}"
EndProject
Project("{FAE04EC0-301F-11D3-BF4B-00C04F79EFBC}") = "Borg.Framework.Actors.GrainContracts", "src\Framework\Borg.Framework.Actors.GrainContracts\Borg.Framework.Actors.GrainContracts.csproj", "{983DD46E-A995-469C-875F-F6EFDF7439DA}"
EndProject
Project("{FAE04EC0-301F-11D3-BF4B-00C04F79EFBC}") = "Borg.Framework.Actors.AntiCorruption", "src\Framework\Borg.Framework.Actors.AntiCorruption\Borg.Framework.Actors.AntiCorruption.csproj", "{D50CE5E3-FB84-4649-8D73-1A390F3E6E4D}"
EndProject
Global
	GlobalSection(SolutionConfigurationPlatforms) = preSolution
		Debug|Any CPU = Debug|Any CPU
		Release|Any CPU = Release|Any CPU
	EndGlobalSection
	GlobalSection(ProjectConfigurationPlatforms) = postSolution
		{6C6953DB-DF8F-4748-8FC3-4CCD43BAA16B}.Debug|Any CPU.ActiveCfg = Debug|Any CPU
		{6C6953DB-DF8F-4748-8FC3-4CCD43BAA16B}.Debug|Any CPU.Build.0 = Debug|Any CPU
		{6C6953DB-DF8F-4748-8FC3-4CCD43BAA16B}.Release|Any CPU.ActiveCfg = Release|Any CPU
		{6C6953DB-DF8F-4748-8FC3-4CCD43BAA16B}.Release|Any CPU.Build.0 = Release|Any CPU
		{B2720DAC-E79F-47DD-A9C0-C31E1E64E004}.Debug|Any CPU.ActiveCfg = Debug|Any CPU
		{B2720DAC-E79F-47DD-A9C0-C31E1E64E004}.Debug|Any CPU.Build.0 = Debug|Any CPU
		{B2720DAC-E79F-47DD-A9C0-C31E1E64E004}.Release|Any CPU.ActiveCfg = Release|Any CPU
		{B2720DAC-E79F-47DD-A9C0-C31E1E64E004}.Release|Any CPU.Build.0 = Release|Any CPU
		{30B6746B-2CA9-44A2-9A65-9768CF3D2549}.Debug|Any CPU.ActiveCfg = Debug|Any CPU
		{30B6746B-2CA9-44A2-9A65-9768CF3D2549}.Debug|Any CPU.Build.0 = Debug|Any CPU
		{30B6746B-2CA9-44A2-9A65-9768CF3D2549}.Release|Any CPU.ActiveCfg = Release|Any CPU
		{30B6746B-2CA9-44A2-9A65-9768CF3D2549}.Release|Any CPU.Build.0 = Release|Any CPU
		{AE89CD20-B80C-433A-8D65-80852C621039}.Debug|Any CPU.ActiveCfg = Debug|Any CPU
		{AE89CD20-B80C-433A-8D65-80852C621039}.Debug|Any CPU.Build.0 = Debug|Any CPU
		{AE89CD20-B80C-433A-8D65-80852C621039}.Release|Any CPU.ActiveCfg = Release|Any CPU
		{AE89CD20-B80C-433A-8D65-80852C621039}.Release|Any CPU.Build.0 = Release|Any CPU
		{0CFB6538-5327-43CF-9A25-D93160C1B5F3}.Debug|Any CPU.ActiveCfg = Debug|Any CPU
		{0CFB6538-5327-43CF-9A25-D93160C1B5F3}.Debug|Any CPU.Build.0 = Debug|Any CPU
		{0CFB6538-5327-43CF-9A25-D93160C1B5F3}.Release|Any CPU.ActiveCfg = Release|Any CPU
		{0CFB6538-5327-43CF-9A25-D93160C1B5F3}.Release|Any CPU.Build.0 = Release|Any CPU
		{CFE89AD1-64C8-4B28-8511-5193EC2660C1}.Debug|Any CPU.ActiveCfg = Debug|Any CPU
		{CFE89AD1-64C8-4B28-8511-5193EC2660C1}.Debug|Any CPU.Build.0 = Debug|Any CPU
		{CFE89AD1-64C8-4B28-8511-5193EC2660C1}.Release|Any CPU.ActiveCfg = Release|Any CPU
		{CFE89AD1-64C8-4B28-8511-5193EC2660C1}.Release|Any CPU.Build.0 = Release|Any CPU
		{64B41F97-FBBD-40DB-90D2-76D3B743B9A8}.Debug|Any CPU.ActiveCfg = Debug|Any CPU
		{64B41F97-FBBD-40DB-90D2-76D3B743B9A8}.Debug|Any CPU.Build.0 = Debug|Any CPU
		{64B41F97-FBBD-40DB-90D2-76D3B743B9A8}.Release|Any CPU.ActiveCfg = Release|Any CPU
		{64B41F97-FBBD-40DB-90D2-76D3B743B9A8}.Release|Any CPU.Build.0 = Release|Any CPU
		{E255144C-2910-42D9-8BF4-825B0C150470}.Debug|Any CPU.ActiveCfg = Debug|Any CPU
		{E255144C-2910-42D9-8BF4-825B0C150470}.Debug|Any CPU.Build.0 = Debug|Any CPU
		{E255144C-2910-42D9-8BF4-825B0C150470}.Release|Any CPU.ActiveCfg = Release|Any CPU
		{E255144C-2910-42D9-8BF4-825B0C150470}.Release|Any CPU.Build.0 = Release|Any CPU
		{E33B8DF3-D412-4BC2-8644-F61CB76001D5}.Debug|Any CPU.ActiveCfg = Debug|Any CPU
		{E33B8DF3-D412-4BC2-8644-F61CB76001D5}.Debug|Any CPU.Build.0 = Debug|Any CPU
		{E33B8DF3-D412-4BC2-8644-F61CB76001D5}.Release|Any CPU.ActiveCfg = Release|Any CPU
		{E33B8DF3-D412-4BC2-8644-F61CB76001D5}.Release|Any CPU.Build.0 = Release|Any CPU
		{D2A59E6E-4EEA-44F2-8C79-F4F9142CB986}.Debug|Any CPU.ActiveCfg = Debug|Any CPU
		{D2A59E6E-4EEA-44F2-8C79-F4F9142CB986}.Debug|Any CPU.Build.0 = Debug|Any CPU
		{D2A59E6E-4EEA-44F2-8C79-F4F9142CB986}.Release|Any CPU.ActiveCfg = Release|Any CPU
		{D2A59E6E-4EEA-44F2-8C79-F4F9142CB986}.Release|Any CPU.Build.0 = Release|Any CPU
		{3B558E12-51F5-4629-A396-825B5FE9266B}.Debug|Any CPU.ActiveCfg = Debug|Any CPU
		{3B558E12-51F5-4629-A396-825B5FE9266B}.Debug|Any CPU.Build.0 = Debug|Any CPU
		{3B558E12-51F5-4629-A396-825B5FE9266B}.Release|Any CPU.ActiveCfg = Release|Any CPU
		{3B558E12-51F5-4629-A396-825B5FE9266B}.Release|Any CPU.Build.0 = Release|Any CPU
		{D90E83F4-6FA0-4CB2-9B3F-B239BE2E11EC}.Debug|Any CPU.ActiveCfg = Debug|Any CPU
		{D90E83F4-6FA0-4CB2-9B3F-B239BE2E11EC}.Debug|Any CPU.Build.0 = Debug|Any CPU
		{D90E83F4-6FA0-4CB2-9B3F-B239BE2E11EC}.Release|Any CPU.ActiveCfg = Release|Any CPU
		{D90E83F4-6FA0-4CB2-9B3F-B239BE2E11EC}.Release|Any CPU.Build.0 = Release|Any CPU
		{3C39BFDD-CB73-4151-92A9-9B1FD695FC1E}.Debug|Any CPU.ActiveCfg = Debug|Any CPU
		{3C39BFDD-CB73-4151-92A9-9B1FD695FC1E}.Debug|Any CPU.Build.0 = Debug|Any CPU
		{3C39BFDD-CB73-4151-92A9-9B1FD695FC1E}.Release|Any CPU.ActiveCfg = Release|Any CPU
		{3C39BFDD-CB73-4151-92A9-9B1FD695FC1E}.Release|Any CPU.Build.0 = Release|Any CPU
		{D711A91B-8E58-4168-A7D6-FBC679EA77C5}.Debug|Any CPU.ActiveCfg = Debug|Any CPU
		{D711A91B-8E58-4168-A7D6-FBC679EA77C5}.Debug|Any CPU.Build.0 = Debug|Any CPU
		{D711A91B-8E58-4168-A7D6-FBC679EA77C5}.Release|Any CPU.ActiveCfg = Release|Any CPU
		{D711A91B-8E58-4168-A7D6-FBC679EA77C5}.Release|Any CPU.Build.0 = Release|Any CPU
		{B76A5CBB-6CF2-4D7A-97E1-D98056841096}.Debug|Any CPU.ActiveCfg = Debug|Any CPU
		{B76A5CBB-6CF2-4D7A-97E1-D98056841096}.Debug|Any CPU.Build.0 = Debug|Any CPU
		{B76A5CBB-6CF2-4D7A-97E1-D98056841096}.Release|Any CPU.ActiveCfg = Release|Any CPU
		{B76A5CBB-6CF2-4D7A-97E1-D98056841096}.Release|Any CPU.Build.0 = Release|Any CPU
		{67C1831F-8C31-4C70-ABE4-DDD20D8C90ED}.Debug|Any CPU.ActiveCfg = Debug|Any CPU
		{67C1831F-8C31-4C70-ABE4-DDD20D8C90ED}.Debug|Any CPU.Build.0 = Debug|Any CPU
		{67C1831F-8C31-4C70-ABE4-DDD20D8C90ED}.Release|Any CPU.ActiveCfg = Release|Any CPU
		{67C1831F-8C31-4C70-ABE4-DDD20D8C90ED}.Release|Any CPU.Build.0 = Release|Any CPU
		{61DCA1B9-B83A-4414-9E1E-778BF59490C3}.Debug|Any CPU.ActiveCfg = Debug|Any CPU
		{61DCA1B9-B83A-4414-9E1E-778BF59490C3}.Debug|Any CPU.Build.0 = Debug|Any CPU
		{61DCA1B9-B83A-4414-9E1E-778BF59490C3}.Release|Any CPU.ActiveCfg = Release|Any CPU
		{61DCA1B9-B83A-4414-9E1E-778BF59490C3}.Release|Any CPU.Build.0 = Release|Any CPU
		{983DD46E-A995-469C-875F-F6EFDF7439DA}.Debug|Any CPU.ActiveCfg = Debug|Any CPU
		{983DD46E-A995-469C-875F-F6EFDF7439DA}.Debug|Any CPU.Build.0 = Debug|Any CPU
		{983DD46E-A995-469C-875F-F6EFDF7439DA}.Release|Any CPU.ActiveCfg = Release|Any CPU
		{983DD46E-A995-469C-875F-F6EFDF7439DA}.Release|Any CPU.Build.0 = Release|Any CPU
		{D50CE5E3-FB84-4649-8D73-1A390F3E6E4D}.Debug|Any CPU.ActiveCfg = Debug|Any CPU
		{D50CE5E3-FB84-4649-8D73-1A390F3E6E4D}.Debug|Any CPU.Build.0 = Debug|Any CPU
		{D50CE5E3-FB84-4649-8D73-1A390F3E6E4D}.Release|Any CPU.ActiveCfg = Release|Any CPU
		{D50CE5E3-FB84-4649-8D73-1A390F3E6E4D}.Release|Any CPU.Build.0 = Release|Any CPU
	EndGlobalSection
	GlobalSection(SolutionProperties) = preSolution
		HideSolutionNode = FALSE
	EndGlobalSection
	GlobalSection(NestedProjects) = preSolution
		{A0F884D4-FE1B-4C33-B9FD-549C22E12BA5} = {EEB2B7DC-B5C2-4CEA-A3B1-72037834404A}
		{B2E7223B-AD17-4559-8BD7-1139038A30C1} = {EEB2B7DC-B5C2-4CEA-A3B1-72037834404A}
		{45AA2393-760B-47F3-B7D5-FAD44FA51F26} = {EEB2B7DC-B5C2-4CEA-A3B1-72037834404A}
		{6C6953DB-DF8F-4748-8FC3-4CCD43BAA16B} = {B2E7223B-AD17-4559-8BD7-1139038A30C1}
		{B2720DAC-E79F-47DD-A9C0-C31E1E64E004} = {C196EFFB-6BAE-444F-9A60-79F8968CB914}
		{30B6746B-2CA9-44A2-9A65-9768CF3D2549} = {A0F884D4-FE1B-4C33-B9FD-549C22E12BA5}
		{AE89CD20-B80C-433A-8D65-80852C621039} = {C196EFFB-6BAE-444F-9A60-79F8968CB914}
		{8CAD543D-104F-4658-9CE7-E4D489A8004B} = {EEB2B7DC-B5C2-4CEA-A3B1-72037834404A}
		{0CFB6538-5327-43CF-9A25-D93160C1B5F3} = {8CAD543D-104F-4658-9CE7-E4D489A8004B}
		{CFE89AD1-64C8-4B28-8511-5193EC2660C1} = {45AA2393-760B-47F3-B7D5-FAD44FA51F26}
		{64B41F97-FBBD-40DB-90D2-76D3B743B9A8} = {45AA2393-760B-47F3-B7D5-FAD44FA51F26}
		{E255144C-2910-42D9-8BF4-825B0C150470} = {45AA2393-760B-47F3-B7D5-FAD44FA51F26}
		{E33B8DF3-D412-4BC2-8644-F61CB76001D5} = {A0F884D4-FE1B-4C33-B9FD-549C22E12BA5}
		{D2A59E6E-4EEA-44F2-8C79-F4F9142CB986} = {A0F884D4-FE1B-4C33-B9FD-549C22E12BA5}
		{3B558E12-51F5-4629-A396-825B5FE9266B} = {A0F884D4-FE1B-4C33-B9FD-549C22E12BA5}
		{D90E83F4-6FA0-4CB2-9B3F-B239BE2E11EC} = {A0F884D4-FE1B-4C33-B9FD-549C22E12BA5}
		{3C39BFDD-CB73-4151-92A9-9B1FD695FC1E} = {45AA2393-760B-47F3-B7D5-FAD44FA51F26}
		{D711A91B-8E58-4168-A7D6-FBC679EA77C5} = {45AA2393-760B-47F3-B7D5-FAD44FA51F26}
		{AC4B273F-94EA-490A-B574-4D560134FF73} = {EEB2B7DC-B5C2-4CEA-A3B1-72037834404A}
		{B76A5CBB-6CF2-4D7A-97E1-D98056841096} = {AC4B273F-94EA-490A-B574-4D560134FF73}
		{C1081FF5-EC4C-4466-8FF0-0BBDF14210D8} = {A0F884D4-FE1B-4C33-B9FD-549C22E12BA5}
		{67C1831F-8C31-4C70-ABE4-DDD20D8C90ED} = {C1081FF5-EC4C-4466-8FF0-0BBDF14210D8}
		{61DCA1B9-B83A-4414-9E1E-778BF59490C3} = {C1081FF5-EC4C-4466-8FF0-0BBDF14210D8}
		{983DD46E-A995-469C-875F-F6EFDF7439DA} = {C1081FF5-EC4C-4466-8FF0-0BBDF14210D8}
		{D50CE5E3-FB84-4649-8D73-1A390F3E6E4D} = {C1081FF5-EC4C-4466-8FF0-0BBDF14210D8}
	EndGlobalSection
	GlobalSection(ExtensibilityGlobals) = postSolution
		SolutionGuid = {4604E16C-EB8F-4064-9E9C-D3C2258BAF70}
	EndGlobalSection
EndGlobal
